// !$*UTF8*$!
{
	archiveVersion = 1;
	classes = {
	};
	objectVersion = 46;
	objects = {

/* Begin PBXBuildFile section */
		570643591DEB88B9008A033A /* AppDelegate.swift in Sources */ = {isa = PBXBuildFile; fileRef = 570643581DEB88B9008A033A /* AppDelegate.swift */; };
		5706435B1DEB88B9008A033A /* ViewController.swift in Sources */ = {isa = PBXBuildFile; fileRef = 5706435A1DEB88B9008A033A /* ViewController.swift */; };
		5706435E1DEB88B9008A033A /* Main.storyboard in Resources */ = {isa = PBXBuildFile; fileRef = 5706435C1DEB88B9008A033A /* Main.storyboard */; };
		570643631DEB88B9008A033A /* LaunchScreen.storyboard in Resources */ = {isa = PBXBuildFile; fileRef = 570643611DEB88B9008A033A /* LaunchScreen.storyboard */; };
		5706436D1DEB8993008A033A /* NetworkServiceManager.swift in Sources */ = {isa = PBXBuildFile; fileRef = 5706436C1DEB8993008A033A /* NetworkServiceManager.swift */; };
		570A749D1EAD190B00BE6FC0 /* Constraints.swift in Sources */ = {isa = PBXBuildFile; fileRef = 570A749C1EAD190B00BE6FC0 /* Constraints.swift */; };
		57117BFA1E45A3DE001018D7 /* MapViewController.swift in Sources */ = {isa = PBXBuildFile; fileRef = 57117BF91E45A3DE001018D7 /* MapViewController.swift */; };
		57117C041E45A655001018D7 /* CustomAnnotation.swift in Sources */ = {isa = PBXBuildFile; fileRef = 57117C031E45A655001018D7 /* CustomAnnotation.swift */; };
		5711ED471E288D840053F00B /* Message.swift in Sources */ = {isa = PBXBuildFile; fileRef = 5711ED461E288D840053F00B /* Message.swift */; };
		5711ED491E28960C0053F00B /* meshDB.swift in Sources */ = {isa = PBXBuildFile; fileRef = 5711ED481E28960C0053F00B /* meshDB.swift */; };
		5711ED631E292D770053F00B /* SQLite.framework in Frameworks */ = {isa = PBXBuildFile; fileRef = 5711ED551E292D400053F00B /* SQLite.framework */; };
		571896B71E52E16600FE2934 /* plus_button.png in Resources */ = {isa = PBXBuildFile; fileRef = 571896B61E52E16600FE2934 /* plus_button.png */; };
		571896B91E52E44700FE2934 /* Tag.swift in Sources */ = {isa = PBXBuildFile; fileRef = 571896B81E52E44700FE2934 /* Tag.swift */; };
		57391A3B1EA9B1B200773FFF /* libsqlite3.dylib in Frameworks */ = {isa = PBXBuildFile; fileRef = 57726EA01E616AFF0028CE3D /* libsqlite3.dylib */; };
		57391A741EA9E11C00773FFF /* SQLite.framework in Frameworks */ = {isa = PBXBuildFile; fileRef = 5711ED551E292D400053F00B /* SQLite.framework */; };
		57391A751EA9E11C00773FFF /* SQLite.framework in Embed Frameworks */ = {isa = PBXBuildFile; fileRef = 5711ED551E292D400053F00B /* SQLite.framework */; settings = {ATTRIBUTES = (CodeSignOnCopy, RemoveHeadersOnCopy, ); }; };
		57391A7C1EAAEFAF00773FFF /* SharedData.swift in Sources */ = {isa = PBXBuildFile; fileRef = 57391A7B1EAAEFAF00773FFF /* SharedData.swift */; };
		5739328E1E5A4AC000C4CF2A /* CustomCalloutView.swift in Sources */ = {isa = PBXBuildFile; fileRef = 5739328D1E5A4AC000C4CF2A /* CustomCalloutView.swift */; };
		575051901E1F320B0066550F /* Assets 3.38.11 AM.xcassets in Resources */ = {isa = PBXBuildFile; fileRef = 5750518F1E1F320B0066550F /* Assets 3.38.11 AM.xcassets */; };
		57555AAF1F2C67570006290D /* ChatViewController.swift in Sources */ = {isa = PBXBuildFile; fileRef = 57555AAE1F2C67570006290D /* ChatViewController.swift */; };
		57555ABA1F2C68920006290D /* Extensions.swift in Sources */ = {isa = PBXBuildFile; fileRef = 57555AB81F2C68920006290D /* Extensions.swift */; };
		57555ABB1F2C68920006290D /* WidgetModule.swift in Sources */ = {isa = PBXBuildFile; fileRef = 57555AB91F2C68920006290D /* WidgetModule.swift */; };
		57555ABD1F2C6C920006290D /* ConstraintHandler.swift in Sources */ = {isa = PBXBuildFile; fileRef = 57555ABC1F2C6C920006290D /* ConstraintHandler.swift */; };
		57555ABF1F2C6CC70006290D /* TextView.swift in Sources */ = {isa = PBXBuildFile; fileRef = 57555ABE1F2C6CC70006290D /* TextView.swift */; };
		577CD31C1EA1F34A006C770C /* ToMessageTableViewCell.swift in Sources */ = {isa = PBXBuildFile; fileRef = 577CD31B1EA1F34A006C770C /* ToMessageTableViewCell.swift */; };
		5785F5C91E98BA640094B5F7 /* MapKit.framework in Frameworks */ = {isa = PBXBuildFile; fileRef = 5785F5C81E98BA640094B5F7 /* MapKit.framework */; };
		57872E8E1E331D54009E5F4C /* DataProcessor.swift in Sources */ = {isa = PBXBuildFile; fileRef = 57872E8D1E331D54009E5F4C /* DataProcessor.swift */; };
		57ADC1301E14E76B003645BB /* ChannelsViewController.swift in Sources */ = {isa = PBXBuildFile; fileRef = 57ADC12F1E14E76B003645BB /* ChannelsViewController.swift */; };
		57ADC1321E14E935003645BB /* ContactsTableViewCell.swift in Sources */ = {isa = PBXBuildFile; fileRef = 57ADC1311E14E935003645BB /* ContactsTableViewCell.swift */; };
		57ADC1361E16065A003645BB /* SharingManager.swift in Sources */ = {isa = PBXBuildFile; fileRef = 57ADC1351E16065A003645BB /* SharingManager.swift */; };
		57DE5B451EB257050055A67E /* FromMessageTableViewCell.swift in Sources */ = {isa = PBXBuildFile; fileRef = 57DE5B441EB257050055A67E /* FromMessageTableViewCell.swift */; };
		57DE5B471EB2AE700055A67E /* PaddedLabel.swift in Sources */ = {isa = PBXBuildFile; fileRef = 57DE5B461EB2AE700055A67E /* PaddedLabel.swift */; };
/* End PBXBuildFile section */

/* Begin PBXContainerItemProxy section */
		5711ED541E292D400053F00B /* PBXContainerItemProxy */ = {
			isa = PBXContainerItemProxy;
			containerPortal = 5711ED4A1E292D3F0053F00B /* SQLite.xcodeproj */;
			proxyType = 2;
			remoteGlobalIDString = EE247AD31C3F04ED00AE3E12;
			remoteInfo = "SQLite iOS";
		};
		5711ED561E292D400053F00B /* PBXContainerItemProxy */ = {
			isa = PBXContainerItemProxy;
			containerPortal = 5711ED4A1E292D3F0053F00B /* SQLite.xcodeproj */;
			proxyType = 2;
			remoteGlobalIDString = EE247ADD1C3F04ED00AE3E12;
			remoteInfo = "SQLiteTests iOS";
		};
		5711ED581E292D400053F00B /* PBXContainerItemProxy */ = {
			isa = PBXContainerItemProxy;
			containerPortal = 5711ED4A1E292D3F0053F00B /* SQLite.xcodeproj */;
			proxyType = 2;
			remoteGlobalIDString = EE247B3C1C3F3ED000AE3E12;
			remoteInfo = "SQLite Mac";
		};
		5711ED5A1E292D400053F00B /* PBXContainerItemProxy */ = {
			isa = PBXContainerItemProxy;
			containerPortal = 5711ED4A1E292D3F0053F00B /* SQLite.xcodeproj */;
			proxyType = 2;
			remoteGlobalIDString = EE247B451C3F3ED000AE3E12;
			remoteInfo = "SQLiteTests Mac";
		};
		5711ED5C1E292D400053F00B /* PBXContainerItemProxy */ = {
			isa = PBXContainerItemProxy;
			containerPortal = 5711ED4A1E292D3F0053F00B /* SQLite.xcodeproj */;
			proxyType = 2;
			remoteGlobalIDString = 03A65E5A1C6BB0F50062603F;
			remoteInfo = "SQLite tvOS";
		};
		5711ED5E1E292D400053F00B /* PBXContainerItemProxy */ = {
			isa = PBXContainerItemProxy;
			containerPortal = 5711ED4A1E292D3F0053F00B /* SQLite.xcodeproj */;
			proxyType = 2;
			remoteGlobalIDString = 03A65E631C6BB0F60062603F;
			remoteInfo = "SQLiteTests tvOS";
		};
		5711ED601E292D400053F00B /* PBXContainerItemProxy */ = {
			isa = PBXContainerItemProxy;
			containerPortal = 5711ED4A1E292D3F0053F00B /* SQLite.xcodeproj */;
			proxyType = 2;
			remoteGlobalIDString = A121AC451CA35C79005A31D1;
			remoteInfo = "SQLite watchOS";
		};
		57391A761EA9E11C00773FFF /* PBXContainerItemProxy */ = {
			isa = PBXContainerItemProxy;
			containerPortal = 5711ED4A1E292D3F0053F00B /* SQLite.xcodeproj */;
			proxyType = 1;
			remoteGlobalIDString = EE247AD21C3F04ED00AE3E12;
			remoteInfo = "SQLite iOS";
		};
/* End PBXContainerItemProxy section */

/* Begin PBXCopyFilesBuildPhase section */
		57391A781EA9E11C00773FFF /* Embed Frameworks */ = {
			isa = PBXCopyFilesBuildPhase;
			buildActionMask = 2147483647;
			dstPath = "";
			dstSubfolderSpec = 10;
			files = (
				57391A751EA9E11C00773FFF /* SQLite.framework in Embed Frameworks */,
			);
			name = "Embed Frameworks";
			runOnlyForDeploymentPostprocessing = 0;
		};
/* End PBXCopyFilesBuildPhase section */

/* Begin PBXFileReference section */
		570643551DEB88B9008A033A /* mesh.app */ = {isa = PBXFileReference; explicitFileType = wrapper.application; includeInIndex = 0; path = mesh.app; sourceTree = BUILT_PRODUCTS_DIR; };
		570643581DEB88B9008A033A /* AppDelegate.swift */ = {isa = PBXFileReference; lastKnownFileType = sourcecode.swift; path = AppDelegate.swift; sourceTree = "<group>"; };
		5706435A1DEB88B9008A033A /* ViewController.swift */ = {isa = PBXFileReference; lastKnownFileType = sourcecode.swift; path = ViewController.swift; sourceTree = "<group>"; };
		5706435D1DEB88B9008A033A /* Base */ = {isa = PBXFileReference; lastKnownFileType = file.storyboard; name = Base; path = Base.lproj/Main.storyboard; sourceTree = "<group>"; };
		570643621DEB88B9008A033A /* Base */ = {isa = PBXFileReference; lastKnownFileType = file.storyboard; name = Base; path = Base.lproj/LaunchScreen.storyboard; sourceTree = "<group>"; };
		570643641DEB88B9008A033A /* Info.plist */ = {isa = PBXFileReference; lastKnownFileType = text.plist.xml; path = Info.plist; sourceTree = "<group>"; };
		5706436C1DEB8993008A033A /* NetworkServiceManager.swift */ = {isa = PBXFileReference; fileEncoding = 4; lastKnownFileType = sourcecode.swift; path = NetworkServiceManager.swift; sourceTree = "<group>"; };
		570A749C1EAD190B00BE6FC0 /* Constraints.swift */ = {isa = PBXFileReference; fileEncoding = 4; lastKnownFileType = sourcecode.swift; path = Constraints.swift; sourceTree = "<group>"; };
		57117BF91E45A3DE001018D7 /* MapViewController.swift */ = {isa = PBXFileReference; fileEncoding = 4; lastKnownFileType = sourcecode.swift; path = MapViewController.swift; sourceTree = "<group>"; };
		57117C031E45A655001018D7 /* CustomAnnotation.swift */ = {isa = PBXFileReference; fileEncoding = 4; lastKnownFileType = sourcecode.swift; path = CustomAnnotation.swift; sourceTree = "<group>"; };
		5711ED461E288D840053F00B /* Message.swift */ = {isa = PBXFileReference; fileEncoding = 4; lastKnownFileType = sourcecode.swift; path = Message.swift; sourceTree = "<group>"; };
		5711ED481E28960C0053F00B /* meshDB.swift */ = {isa = PBXFileReference; fileEncoding = 4; lastKnownFileType = sourcecode.swift; path = meshDB.swift; sourceTree = "<group>"; };
		5711ED4A1E292D3F0053F00B /* SQLite.xcodeproj */ = {isa = PBXFileReference; lastKnownFileType = "wrapper.pb-project"; name = SQLite.xcodeproj; path = ../../SQLite.swift/SQLite.xcodeproj; sourceTree = "<group>"; };
		571896B61E52E16600FE2934 /* plus_button.png */ = {isa = PBXFileReference; lastKnownFileType = image.png; path = plus_button.png; sourceTree = "<group>"; };
		571896B81E52E44700FE2934 /* Tag.swift */ = {isa = PBXFileReference; fileEncoding = 4; lastKnownFileType = sourcecode.swift; path = Tag.swift; sourceTree = "<group>"; };
		57391A7B1EAAEFAF00773FFF /* SharedData.swift */ = {isa = PBXFileReference; fileEncoding = 4; lastKnownFileType = sourcecode.swift; path = SharedData.swift; sourceTree = "<group>"; };
		5739328D1E5A4AC000C4CF2A /* CustomCalloutView.swift */ = {isa = PBXFileReference; fileEncoding = 4; lastKnownFileType = sourcecode.swift; path = CustomCalloutView.swift; sourceTree = "<group>"; };
		5750518F1E1F320B0066550F /* Assets 3.38.11 AM.xcassets */ = {isa = PBXFileReference; lastKnownFileType = folder.assetcatalog; name = "Assets 3.38.11 AM.xcassets"; path = "../../Assets 3.38.11 AM.xcassets"; sourceTree = "<group>"; };
		57555AAE1F2C67570006290D /* ChatViewController.swift */ = {isa = PBXFileReference; fileEncoding = 4; lastKnownFileType = sourcecode.swift; path = ChatViewController.swift; sourceTree = "<group>"; };
		57555AB81F2C68920006290D /* Extensions.swift */ = {isa = PBXFileReference; fileEncoding = 4; lastKnownFileType = sourcecode.swift; path = Extensions.swift; sourceTree = "<group>"; };
		57555AB91F2C68920006290D /* WidgetModule.swift */ = {isa = PBXFileReference; fileEncoding = 4; lastKnownFileType = sourcecode.swift; path = WidgetModule.swift; sourceTree = "<group>"; };
		57555ABC1F2C6C920006290D /* ConstraintHandler.swift */ = {isa = PBXFileReference; fileEncoding = 4; lastKnownFileType = sourcecode.swift; path = ConstraintHandler.swift; sourceTree = "<group>"; };
		57555ABE1F2C6CC70006290D /* TextView.swift */ = {isa = PBXFileReference; fileEncoding = 4; lastKnownFileType = sourcecode.swift; path = TextView.swift; sourceTree = "<group>"; };
		57726EA01E616AFF0028CE3D /* libsqlite3.dylib */ = {isa = PBXFileReference; lastKnownFileType = "compiled.mach-o.dylib"; name = libsqlite3.dylib; path = ../../../../../usr/lib/libsqlite3.dylib; sourceTree = "<group>"; };
		577CD31B1EA1F34A006C770C /* ToMessageTableViewCell.swift */ = {isa = PBXFileReference; fileEncoding = 4; lastKnownFileType = sourcecode.swift; path = ToMessageTableViewCell.swift; sourceTree = "<group>"; };
		5785F5C81E98BA640094B5F7 /* MapKit.framework */ = {isa = PBXFileReference; lastKnownFileType = wrapper.framework; name = MapKit.framework; path = System/Library/Frameworks/MapKit.framework; sourceTree = SDKROOT; };
		57872E8D1E331D54009E5F4C /* DataProcessor.swift */ = {isa = PBXFileReference; fileEncoding = 4; lastKnownFileType = sourcecode.swift; path = DataProcessor.swift; sourceTree = "<group>"; };
		57ADC12F1E14E76B003645BB /* ChannelsViewController.swift */ = {isa = PBXFileReference; fileEncoding = 4; lastKnownFileType = sourcecode.swift; path = ChannelsViewController.swift; sourceTree = "<group>"; };
		57ADC1311E14E935003645BB /* ContactsTableViewCell.swift */ = {isa = PBXFileReference; fileEncoding = 4; lastKnownFileType = sourcecode.swift; path = ContactsTableViewCell.swift; sourceTree = "<group>"; };
		57ADC1351E16065A003645BB /* SharingManager.swift */ = {isa = PBXFileReference; fileEncoding = 4; lastKnownFileType = sourcecode.swift; path = SharingManager.swift; sourceTree = "<group>"; };
		57DE5B441EB257050055A67E /* FromMessageTableViewCell.swift */ = {isa = PBXFileReference; fileEncoding = 4; lastKnownFileType = sourcecode.swift; path = FromMessageTableViewCell.swift; sourceTree = "<group>"; };
		57DE5B461EB2AE700055A67E /* PaddedLabel.swift */ = {isa = PBXFileReference; fileEncoding = 4; lastKnownFileType = sourcecode.swift; path = PaddedLabel.swift; sourceTree = "<group>"; };
		57FF8E391E27D59A00A307B4 /* libsqlite3.tbd */ = {isa = PBXFileReference; lastKnownFileType = "sourcecode.text-based-dylib-definition"; name = libsqlite3.tbd; path = usr/lib/libsqlite3.tbd; sourceTree = SDKROOT; };
		57FF8E701E288ACB00A307B4 /* SQLite.playground */ = {isa = PBXFileReference; lastKnownFileType = file.playground; name = SQLite.playground; path = ../../SQLite.swift/SQLite.playground; sourceTree = "<group>"; };
/* End PBXFileReference section */

/* Begin PBXFrameworksBuildPhase section */
		570643521DEB88B9008A033A /* Frameworks */ = {
			isa = PBXFrameworksBuildPhase;
			buildActionMask = 2147483647;
			files = (
				57391A3B1EA9B1B200773FFF /* libsqlite3.dylib in Frameworks */,
				5785F5C91E98BA640094B5F7 /* MapKit.framework in Frameworks */,
				57391A741EA9E11C00773FFF /* SQLite.framework in Frameworks */,
				5711ED631E292D770053F00B /* SQLite.framework in Frameworks */,
			);
			runOnlyForDeploymentPostprocessing = 0;
		};
/* End PBXFrameworksBuildPhase section */

/* Begin PBXGroup section */
		5706434C1DEB88B9008A033A = {
			isa = PBXGroup;
			children = (
				570643571DEB88B9008A033A /* mesh */,
				570643561DEB88B9008A033A /* Products */,
				57FF8E381E27D59A00A307B4 /* Frameworks */,
				5711ED4A1E292D3F0053F00B /* SQLite.xcodeproj */,
			);
			sourceTree = "<group>";
		};
		570643561DEB88B9008A033A /* Products */ = {
			isa = PBXGroup;
			children = (
				570643551DEB88B9008A033A /* mesh.app */,
			);
			name = Products;
			sourceTree = "<group>";
		};
		570643571DEB88B9008A033A /* mesh */ = {
			isa = PBXGroup;
			children = (
				571896C51E53E9A300FE2934 /* Managerial */,
				571896C41E53E97C00FE2934 /* Backend */,
				571896C31E53E95C00FE2934 /* TableCells */,
				571896C21E53E92D00FE2934 /* Views */,
				571896BB1E53E8F700FE2934 /* Objects */,
				571896AF1E52E15200FE2934 /* Icons */,
				5706435C1DEB88B9008A033A /* Main.storyboard */,
				570643611DEB88B9008A033A /* LaunchScreen.storyboard */,
				57117C031E45A655001018D7 /* CustomAnnotation.swift */,
				5739328D1E5A4AC000C4CF2A /* CustomCalloutView.swift */,
			);
			path = mesh;
			sourceTree = "<group>";
		};
		5711ED4B1E292D3F0053F00B /* Products */ = {
			isa = PBXGroup;
			children = (
				5711ED551E292D400053F00B /* SQLite.framework */,
				5711ED571E292D400053F00B /* SQLiteTests iOS.xctest */,
				5711ED591E292D400053F00B /* SQLite.framework */,
				5711ED5B1E292D400053F00B /* SQLiteTests Mac.xctest */,
				5711ED5D1E292D400053F00B /* SQLite.framework */,
				5711ED5F1E292D400053F00B /* SQLiteTests tvOS.xctest */,
				5711ED611E292D400053F00B /* SQLite.framework */,
			);
			name = Products;
			sourceTree = "<group>";
		};
		571896AF1E52E15200FE2934 /* Icons */ = {
			isa = PBXGroup;
			children = (
				5750518F1E1F320B0066550F /* Assets 3.38.11 AM.xcassets */,
				571896B61E52E16600FE2934 /* plus_button.png */,
			);
			name = Icons;
			sourceTree = "<group>";
		};
		571896BB1E53E8F700FE2934 /* Objects */ = {
			isa = PBXGroup;
			children = (
				571896B81E52E44700FE2934 /* Tag.swift */,
				5711ED461E288D840053F00B /* Message.swift */,
			);
			name = Objects;
			sourceTree = "<group>";
		};
		571896C21E53E92D00FE2934 /* Views */ = {
			isa = PBXGroup;
			children = (
				5706435A1DEB88B9008A033A /* ViewController.swift */,
				57ADC12F1E14E76B003645BB /* ChannelsViewController.swift */,
				57117BF91E45A3DE001018D7 /* MapViewController.swift */,
				57DE5B461EB2AE700055A67E /* PaddedLabel.swift */,
				57555AAE1F2C67570006290D /* ChatViewController.swift */,
			);
			name = Views;
			sourceTree = "<group>";
		};
		571896C31E53E95C00FE2934 /* TableCells */ = {
			isa = PBXGroup;
			children = (
				57ADC1311E14E935003645BB /* ContactsTableViewCell.swift */,
				577CD31B1EA1F34A006C770C /* ToMessageTableViewCell.swift */,
				57DE5B441EB257050055A67E /* FromMessageTableViewCell.swift */,
			);
			name = TableCells;
			sourceTree = "<group>";
		};
		571896C41E53E97C00FE2934 /* Backend */ = {
			isa = PBXGroup;
			children = (
				57555AC11F2C6CE50006290D /* Other */,
				57555AC01F2C6CD20006290D /* UI */,
			);
			name = Backend;
			sourceTree = "<group>";
		};
		571896C51E53E9A300FE2934 /* Managerial */ = {
			isa = PBXGroup;
			children = (
				570643581DEB88B9008A033A /* AppDelegate.swift */,
				570643641DEB88B9008A033A /* Info.plist */,
			);
			name = Managerial;
			sourceTree = "<group>";
		};
		57555AC01F2C6CD20006290D /* UI */ = {
			isa = PBXGroup;
			children = (
				57555ABE1F2C6CC70006290D /* TextView.swift */,
				57555ABC1F2C6C920006290D /* ConstraintHandler.swift */,
				57555AB81F2C68920006290D /* Extensions.swift */,
				57555AB91F2C68920006290D /* WidgetModule.swift */,
			);
			name = UI;
			sourceTree = "<group>";
		};
		57555AC11F2C6CE50006290D /* Other */ = {
			isa = PBXGroup;
			children = (
				5706436C1DEB8993008A033A /* NetworkServiceManager.swift */,
				57ADC1351E16065A003645BB /* SharingManager.swift */,
				5711ED481E28960C0053F00B /* meshDB.swift */,
				57872E8D1E331D54009E5F4C /* DataProcessor.swift */,
				57391A7B1EAAEFAF00773FFF /* SharedData.swift */,
				570A749C1EAD190B00BE6FC0 /* Constraints.swift */,
			);
			name = Other;
			sourceTree = "<group>";
		};
		57FF8E381E27D59A00A307B4 /* Frameworks */ = {
			isa = PBXGroup;
			children = (
				5785F5C81E98BA640094B5F7 /* MapKit.framework */,
				57726EA01E616AFF0028CE3D /* libsqlite3.dylib */,
				57FF8E701E288ACB00A307B4 /* SQLite.playground */,
				57FF8E391E27D59A00A307B4 /* libsqlite3.tbd */,
			);
			name = Frameworks;
			sourceTree = "<group>";
		};
/* End PBXGroup section */

/* Begin PBXNativeTarget section */
		570643541DEB88B9008A033A /* mesh */ = {
			isa = PBXNativeTarget;
			buildConfigurationList = 570643671DEB88B9008A033A /* Build configuration list for PBXNativeTarget "mesh" */;
			buildPhases = (
				570643511DEB88B9008A033A /* Sources */,
				570643521DEB88B9008A033A /* Frameworks */,
				570643531DEB88B9008A033A /* Resources */,
				57391A781EA9E11C00773FFF /* Embed Frameworks */,
			);
			buildRules = (
			);
			dependencies = (
				57391A771EA9E11C00773FFF /* PBXTargetDependency */,
			);
			name = mesh;
			productName = mesh;
			productReference = 570643551DEB88B9008A033A /* mesh.app */;
			productType = "com.apple.product-type.application";
		};
/* End PBXNativeTarget section */

/* Begin PBXProject section */
		5706434D1DEB88B9008A033A /* Project object */ = {
			isa = PBXProject;
			attributes = {
				LastSwiftUpdateCheck = 0730;
				LastUpgradeCheck = 0810;
				ORGANIZATIONNAME = "Victor Chien";
				TargetAttributes = {
					570643541DEB88B9008A033A = {
						CreatedOnToolsVersion = 7.3;
						DevelopmentTeam = H2W9Q6VLXE;
						LastSwiftMigration = 0810;
						ProvisioningStyle = Automatic;
						SystemCapabilities = {
							com.apple.BackgroundModes = {
								enabled = 0;
							};
							com.apple.Maps.iOS = {
								enabled = 0;
							};
						};
					};
				};
			};
			buildConfigurationList = 570643501DEB88B9008A033A /* Build configuration list for PBXProject "mesh" */;
			compatibilityVersion = "Xcode 3.2";
			developmentRegion = English;
			hasScannedForEncodings = 0;
			knownRegions = (
				en,
				Base,
			);
			mainGroup = 5706434C1DEB88B9008A033A;
			productRefGroup = 570643561DEB88B9008A033A /* Products */;
			projectDirPath = "";
			projectReferences = (
				{
					ProductGroup = 5711ED4B1E292D3F0053F00B /* Products */;
					ProjectRef = 5711ED4A1E292D3F0053F00B /* SQLite.xcodeproj */;
				},
			);
			projectRoot = "";
			targets = (
				570643541DEB88B9008A033A /* mesh */,
			);
		};
/* End PBXProject section */

/* Begin PBXReferenceProxy section */
		5711ED551E292D400053F00B /* SQLite.framework */ = {
			isa = PBXReferenceProxy;
			fileType = wrapper.framework;
			path = SQLite.framework;
			remoteRef = 5711ED541E292D400053F00B /* PBXContainerItemProxy */;
			sourceTree = BUILT_PRODUCTS_DIR;
		};
		5711ED571E292D400053F00B /* SQLiteTests iOS.xctest */ = {
			isa = PBXReferenceProxy;
			fileType = wrapper.cfbundle;
			path = "SQLiteTests iOS.xctest";
			remoteRef = 5711ED561E292D400053F00B /* PBXContainerItemProxy */;
			sourceTree = BUILT_PRODUCTS_DIR;
		};
		5711ED591E292D400053F00B /* SQLite.framework */ = {
			isa = PBXReferenceProxy;
			fileType = wrapper.framework;
			path = SQLite.framework;
			remoteRef = 5711ED581E292D400053F00B /* PBXContainerItemProxy */;
			sourceTree = BUILT_PRODUCTS_DIR;
		};
		5711ED5B1E292D400053F00B /* SQLiteTests Mac.xctest */ = {
			isa = PBXReferenceProxy;
			fileType = wrapper.cfbundle;
			path = "SQLiteTests Mac.xctest";
			remoteRef = 5711ED5A1E292D400053F00B /* PBXContainerItemProxy */;
			sourceTree = BUILT_PRODUCTS_DIR;
		};
		5711ED5D1E292D400053F00B /* SQLite.framework */ = {
			isa = PBXReferenceProxy;
			fileType = wrapper.framework;
			path = SQLite.framework;
			remoteRef = 5711ED5C1E292D400053F00B /* PBXContainerItemProxy */;
			sourceTree = BUILT_PRODUCTS_DIR;
		};
		5711ED5F1E292D400053F00B /* SQLiteTests tvOS.xctest */ = {
			isa = PBXReferenceProxy;
			fileType = wrapper.cfbundle;
			path = "SQLiteTests tvOS.xctest";
			remoteRef = 5711ED5E1E292D400053F00B /* PBXContainerItemProxy */;
			sourceTree = BUILT_PRODUCTS_DIR;
		};
		5711ED611E292D400053F00B /* SQLite.framework */ = {
			isa = PBXReferenceProxy;
			fileType = wrapper.framework;
			path = SQLite.framework;
			remoteRef = 5711ED601E292D400053F00B /* PBXContainerItemProxy */;
			sourceTree = BUILT_PRODUCTS_DIR;
		};
/* End PBXReferenceProxy section */

/* Begin PBXResourcesBuildPhase section */
		570643531DEB88B9008A033A /* Resources */ = {
			isa = PBXResourcesBuildPhase;
			buildActionMask = 2147483647;
			files = (
				570643631DEB88B9008A033A /* LaunchScreen.storyboard in Resources */,
				571896B71E52E16600FE2934 /* plus_button.png in Resources */,
				5706435E1DEB88B9008A033A /* Main.storyboard in Resources */,
				575051901E1F320B0066550F /* Assets 3.38.11 AM.xcassets in Resources */,
			);
			runOnlyForDeploymentPostprocessing = 0;
		};
/* End PBXResourcesBuildPhase section */

/* Begin PBXSourcesBuildPhase section */
		570643511DEB88B9008A033A /* Sources */ = {
			isa = PBXSourcesBuildPhase;
			buildActionMask = 2147483647;
			files = (
				57117BFA1E45A3DE001018D7 /* MapViewController.swift in Sources */,
				57555ABD1F2C6C920006290D /* ConstraintHandler.swift in Sources */,
				57ADC1301E14E76B003645BB /* ChannelsViewController.swift in Sources */,
				5739328E1E5A4AC000C4CF2A /* CustomCalloutView.swift in Sources */,
				57391A7C1EAAEFAF00773FFF /* SharedData.swift in Sources */,
				570A749D1EAD190B00BE6FC0 /* Constraints.swift in Sources */,
				57DE5B451EB257050055A67E /* FromMessageTableViewCell.swift in Sources */,
				57DE5B471EB2AE700055A67E /* PaddedLabel.swift in Sources */,
				5711ED491E28960C0053F00B /* meshDB.swift in Sources */,
				57117C041E45A655001018D7 /* CustomAnnotation.swift in Sources */,
				5706435B1DEB88B9008A033A /* ViewController.swift in Sources */,
				57ADC1361E16065A003645BB /* SharingManager.swift in Sources */,
				57555AAF1F2C67570006290D /* ChatViewController.swift in Sources */,
				577CD31C1EA1F34A006C770C /* ToMessageTableViewCell.swift in Sources */,
				57ADC1321E14E935003645BB /* ContactsTableViewCell.swift in Sources */,
				570643591DEB88B9008A033A /* AppDelegate.swift in Sources */,
				57555ABA1F2C68920006290D /* Extensions.swift in Sources */,
				5711ED471E288D840053F00B /* Message.swift in Sources */,
				571896B91E52E44700FE2934 /* Tag.swift in Sources */,
				57872E8E1E331D54009E5F4C /* DataProcessor.swift in Sources */,
				57555ABF1F2C6CC70006290D /* TextView.swift in Sources */,
				57555ABB1F2C68920006290D /* WidgetModule.swift in Sources */,
				5706436D1DEB8993008A033A /* NetworkServiceManager.swift in Sources */,
			);
			runOnlyForDeploymentPostprocessing = 0;
		};
/* End PBXSourcesBuildPhase section */

/* Begin PBXTargetDependency section */
		57391A771EA9E11C00773FFF /* PBXTargetDependency */ = {
			isa = PBXTargetDependency;
			name = "SQLite iOS";
			targetProxy = 57391A761EA9E11C00773FFF /* PBXContainerItemProxy */;
		};
/* End PBXTargetDependency section */

/* Begin PBXVariantGroup section */
		5706435C1DEB88B9008A033A /* Main.storyboard */ = {
			isa = PBXVariantGroup;
			children = (
				5706435D1DEB88B9008A033A /* Base */,
			);
			name = Main.storyboard;
			sourceTree = "<group>";
		};
		570643611DEB88B9008A033A /* LaunchScreen.storyboard */ = {
			isa = PBXVariantGroup;
			children = (
				570643621DEB88B9008A033A /* Base */,
			);
			name = LaunchScreen.storyboard;
			sourceTree = "<group>";
		};
/* End PBXVariantGroup section */

/* Begin XCBuildConfiguration section */
		570643651DEB88B9008A033A /* Debug */ = {
			isa = XCBuildConfiguration;
			buildSettings = {
				ALWAYS_SEARCH_USER_PATHS = NO;
				CLANG_ANALYZER_NONNULL = YES;
				CLANG_CXX_LANGUAGE_STANDARD = "gnu++0x";
				CLANG_CXX_LIBRARY = "libc++";
				CLANG_ENABLE_MODULES = YES;
				CLANG_ENABLE_OBJC_ARC = YES;
				CLANG_WARN_BOOL_CONVERSION = YES;
				CLANG_WARN_CONSTANT_CONVERSION = YES;
				CLANG_WARN_DIRECT_OBJC_ISA_USAGE = YES_ERROR;
				CLANG_WARN_EMPTY_BODY = YES;
				CLANG_WARN_ENUM_CONVERSION = YES;
				CLANG_WARN_INFINITE_RECURSION = YES;
				CLANG_WARN_INT_CONVERSION = YES;
				CLANG_WARN_OBJC_ROOT_CLASS = YES_ERROR;
				CLANG_WARN_SUSPICIOUS_MOVE = YES;
				CLANG_WARN_UNREACHABLE_CODE = YES;
				CLANG_WARN__DUPLICATE_METHOD_MATCH = YES;
				"CODE_SIGN_IDENTITY[sdk=iphoneos*]" = "iPhone Developer";
				COPY_PHASE_STRIP = NO;
				DEBUG_INFORMATION_FORMAT = dwarf;
				ENABLE_STRICT_OBJC_MSGSEND = YES;
				ENABLE_TESTABILITY = YES;
				GCC_C_LANGUAGE_STANDARD = gnu99;
				GCC_DYNAMIC_NO_PIC = NO;
				GCC_NO_COMMON_BLOCKS = YES;
				GCC_OPTIMIZATION_LEVEL = 0;
				GCC_PREPROCESSOR_DEFINITIONS = (
					"DEBUG=1",
					"$(inherited)",
				);
				GCC_WARN_64_TO_32_BIT_CONVERSION = YES;
				GCC_WARN_ABOUT_RETURN_TYPE = YES_ERROR;
				GCC_WARN_UNDECLARED_SELECTOR = YES;
				GCC_WARN_UNINITIALIZED_AUTOS = YES_AGGRESSIVE;
				GCC_WARN_UNUSED_FUNCTION = YES;
				GCC_WARN_UNUSED_VARIABLE = YES;
				IPHONEOS_DEPLOYMENT_TARGET = 9.3;
				MTL_ENABLE_DEBUG_INFO = YES;
				ONLY_ACTIVE_ARCH = YES;
				SDKROOT = iphoneos;
				SWIFT_OPTIMIZATION_LEVEL = "-Onone";
				TARGETED_DEVICE_FAMILY = "1,2";
			};
			name = Debug;
		};
		570643661DEB88B9008A033A /* Release */ = {
			isa = XCBuildConfiguration;
			buildSettings = {
				ALWAYS_SEARCH_USER_PATHS = NO;
				CLANG_ANALYZER_NONNULL = YES;
				CLANG_CXX_LANGUAGE_STANDARD = "gnu++0x";
				CLANG_CXX_LIBRARY = "libc++";
				CLANG_ENABLE_MODULES = YES;
				CLANG_ENABLE_OBJC_ARC = YES;
				CLANG_WARN_BOOL_CONVERSION = YES;
				CLANG_WARN_CONSTANT_CONVERSION = YES;
				CLANG_WARN_DIRECT_OBJC_ISA_USAGE = YES_ERROR;
				CLANG_WARN_EMPTY_BODY = YES;
				CLANG_WARN_ENUM_CONVERSION = YES;
				CLANG_WARN_INFINITE_RECURSION = YES;
				CLANG_WARN_INT_CONVERSION = YES;
				CLANG_WARN_OBJC_ROOT_CLASS = YES_ERROR;
				CLANG_WARN_SUSPICIOUS_MOVE = YES;
				CLANG_WARN_UNREACHABLE_CODE = YES;
				CLANG_WARN__DUPLICATE_METHOD_MATCH = YES;
				"CODE_SIGN_IDENTITY[sdk=iphoneos*]" = "iPhone Developer";
				COPY_PHASE_STRIP = NO;
				DEBUG_INFORMATION_FORMAT = "dwarf-with-dsym";
				ENABLE_NS_ASSERTIONS = NO;
				ENABLE_STRICT_OBJC_MSGSEND = YES;
				GCC_C_LANGUAGE_STANDARD = gnu99;
				GCC_NO_COMMON_BLOCKS = YES;
				GCC_WARN_64_TO_32_BIT_CONVERSION = YES;
				GCC_WARN_ABOUT_RETURN_TYPE = YES_ERROR;
				GCC_WARN_UNDECLARED_SELECTOR = YES;
				GCC_WARN_UNINITIALIZED_AUTOS = YES_AGGRESSIVE;
				GCC_WARN_UNUSED_FUNCTION = YES;
				GCC_WARN_UNUSED_VARIABLE = YES;
				IPHONEOS_DEPLOYMENT_TARGET = 9.3;
				MTL_ENABLE_DEBUG_INFO = NO;
				SDKROOT = iphoneos;
				SWIFT_OPTIMIZATION_LEVEL = "-Owholemodule";
				TARGETED_DEVICE_FAMILY = "1,2";
				VALIDATE_PRODUCT = YES;
			};
			name = Release;
		};
		570643681DEB88B9008A033A /* Debug */ = {
			isa = XCBuildConfiguration;
			buildSettings = {
				ALWAYS_EMBED_SWIFT_STANDARD_LIBRARIES = YES;
				ASSETCATALOG_COMPILER_APPICON_NAME = AppIcon;
				"CODE_SIGN_IDENTITY[sdk=iphoneos*]" = "iPhone Developer";
				DEVELOPMENT_TEAM = H2W9Q6VLXE;
				INFOPLIST_FILE = mesh/Info.plist;
				IPHONEOS_DEPLOYMENT_TARGET = 9.3;
				LD_RUNPATH_SEARCH_PATHS = "$(inherited) @executable_path/Frameworks";
				PRODUCT_BUNDLE_IDENTIFIER = vicoociv.mesh;
				PRODUCT_NAME = "$(TARGET_NAME)";
				SWIFT_VERSION = 3.0;
				TARGETED_DEVICE_FAMILY = "1,2";
			};
			name = Debug;
		};
		570643691DEB88B9008A033A /* Release */ = {
			isa = XCBuildConfiguration;
			buildSettings = {
				ALWAYS_EMBED_SWIFT_STANDARD_LIBRARIES = YES;
				ASSETCATALOG_COMPILER_APPICON_NAME = AppIcon;
				"CODE_SIGN_IDENTITY[sdk=iphoneos*]" = "iPhone Developer";
				DEVELOPMENT_TEAM = H2W9Q6VLXE;
				INFOPLIST_FILE = mesh/Info.plist;
				IPHONEOS_DEPLOYMENT_TARGET = 9.3;
				LD_RUNPATH_SEARCH_PATHS = "$(inherited) @executable_path/Frameworks";
				PRODUCT_BUNDLE_IDENTIFIER = vicoociv.mesh;
				PRODUCT_NAME = "$(TARGET_NAME)";
				SWIFT_VERSION = 3.0;
				TARGETED_DEVICE_FAMILY = "1,2";
			};
			name = Release;
		};
/* End XCBuildConfiguration section */

/* Begin XCConfigurationList section */
		570643501DEB88B9008A033A /* Build configuration list for PBXProject "mesh" */ = {
			isa = XCConfigurationList;
			buildConfigurations = (
				570643651DEB88B9008A033A /* Debug */,
				570643661DEB88B9008A033A /* Release */,
			);
			defaultConfigurationIsVisible = 0;
			defaultConfigurationName = Release;
		};
		570643671DEB88B9008A033A /* Build configuration list for PBXNativeTarget "mesh" */ = {
			isa = XCConfigurationList;
			buildConfigurations = (
				570643681DEB88B9008A033A /* Debug */,
				570643691DEB88B9008A033A /* Release */,
			);
			defaultConfigurationIsVisible = 0;
			defaultConfigurationName = Release;
		};
/* End XCConfigurationList section */
	};
	rootObject = 5706434D1DEB88B9008A033A /* Project object */;
}
