// !$*UTF8*$!
{
	archiveVersion = 1;
	classes = {
	};
	objectVersion = 46;
	objects = {

/* Begin PBXBuildFile section */
		570643591DEB88B9008A033A /* AppDelegate.swift in Sources */ = {isa = PBXBuildFile; fileRef = 570643581DEB88B9008A033A /* AppDelegate.swift */; };
		5706435E1DEB88B9008A033A /* Main.storyboard in Resources */ = {isa = PBXBuildFile; fileRef = 5706435C1DEB88B9008A033A /* Main.storyboard */; };
		570643631DEB88B9008A033A /* LaunchScreen.storyboard in Resources */ = {isa = PBXBuildFile; fileRef = 570643611DEB88B9008A033A /* LaunchScreen.storyboard */; };
		5706436D1DEB8993008A033A /* NetworkServiceManager.swift in Sources */ = {isa = PBXBuildFile; fileRef = 5706436C1DEB8993008A033A /* NetworkServiceManager.swift */; };
		57117BFA1E45A3DE001018D7 /* MapViewController.swift in Sources */ = {isa = PBXBuildFile; fileRef = 57117BF91E45A3DE001018D7 /* MapViewController.swift */; };
		57117C041E45A655001018D7 /* CustomAnnotation.swift in Sources */ = {isa = PBXBuildFile; fileRef = 57117C031E45A655001018D7 /* CustomAnnotation.swift */; };
		5711ED471E288D840053F00B /* Message.swift in Sources */ = {isa = PBXBuildFile; fileRef = 5711ED461E288D840053F00B /* Message.swift */; };
		5711ED491E28960C0053F00B /* meshDB.swift in Sources */ = {isa = PBXBuildFile; fileRef = 5711ED481E28960C0053F00B /* meshDB.swift */; };
		571896B71E52E16600FE2934 /* plus_button.png in Resources */ = {isa = PBXBuildFile; fileRef = 571896B61E52E16600FE2934 /* plus_button.png */; };
		571896B91E52E44700FE2934 /* Tag.swift in Sources */ = {isa = PBXBuildFile; fileRef = 571896B81E52E44700FE2934 /* Tag.swift */; };
		57391A3B1EA9B1B200773FFF /* libsqlite3.dylib in Frameworks */ = {isa = PBXBuildFile; fileRef = 57726EA01E616AFF0028CE3D /* libsqlite3.dylib */; };
		5739328E1E5A4AC000C4CF2A /* CustomCalloutView.swift in Sources */ = {isa = PBXBuildFile; fileRef = 5739328D1E5A4AC000C4CF2A /* CustomCalloutView.swift */; };
		573A479D1F2F018A00F6CD27 /* Assets 3.38.11 AM.xcassets in Resources */ = {isa = PBXBuildFile; fileRef = 573A479C1F2F018A00F6CD27 /* Assets 3.38.11 AM.xcassets */; };
		573A47EF1F2F08FC00F6CD27 /* SQLite.framework in Frameworks */ = {isa = PBXBuildFile; fileRef = 573A47E21F2F08EB00F6CD27 /* SQLite.framework */; };
		573A47F01F2F090500F6CD27 /* SQLite.framework in Frameworks */ = {isa = PBXBuildFile; fileRef = 573A47E21F2F08EB00F6CD27 /* SQLite.framework */; };
		573A47F11F2F090500F6CD27 /* SQLite.framework in Embed Frameworks */ = {isa = PBXBuildFile; fileRef = 573A47E21F2F08EB00F6CD27 /* SQLite.framework */; settings = {ATTRIBUTES = (CodeSignOnCopy, RemoveHeadersOnCopy, ); }; };
		573A47F91F2F0B0B00F6CD27 /* arrowIcon.png in Resources */ = {isa = PBXBuildFile; fileRef = 573A47F41F2F0B0B00F6CD27 /* arrowIcon.png */; };
		573A47FA1F2F0B0B00F6CD27 /* cancelIcon.png in Resources */ = {isa = PBXBuildFile; fileRef = 573A47F51F2F0B0B00F6CD27 /* cancelIcon.png */; };
		573A47FB1F2F0B0B00F6CD27 /* paperclip.png in Resources */ = {isa = PBXBuildFile; fileRef = 573A47F61F2F0B0B00F6CD27 /* paperclip.png */; };
		573A47FC1F2F0B0B00F6CD27 /* sendArrow.png in Resources */ = {isa = PBXBuildFile; fileRef = 573A47F71F2F0B0B00F6CD27 /* sendArrow.png */; };
		573A47FD1F2F0B0B00F6CD27 /* backButton.png in Resources */ = {isa = PBXBuildFile; fileRef = 573A47F81F2F0B0B00F6CD27 /* backButton.png */; };
		573A47FF1F2F160300F6CD27 /* MainViewController.swift in Sources */ = {isa = PBXBuildFile; fileRef = 573A47FE1F2F160300F6CD27 /* MainViewController.swift */; };
		573A48011F2F17E600F6CD27 /* TabBarViewController.swift in Sources */ = {isa = PBXBuildFile; fileRef = 573A48001F2F17E600F6CD27 /* TabBarViewController.swift */; };
		573A480A1F2FB79D00F6CD27 /* ConstraintHandler.swift in Sources */ = {isa = PBXBuildFile; fileRef = 573A48091F2FB79D00F6CD27 /* ConstraintHandler.swift */; };
		573A480D1F2FBBD200F6CD27 /* GroupsTableViewCell.swift in Sources */ = {isa = PBXBuildFile; fileRef = 573A480B1F2FBBD200F6CD27 /* GroupsTableViewCell.swift */; };
		573A480E1F2FBBD200F6CD27 /* UserIcon.swift in Sources */ = {isa = PBXBuildFile; fileRef = 573A480C1F2FBBD200F6CD27 /* UserIcon.swift */; };
		573A48121F2FBCED00F6CD27 /* checkBoxOn.png in Resources */ = {isa = PBXBuildFile; fileRef = 573A480F1F2FBCED00F6CD27 /* checkBoxOn.png */; };
		573A48131F2FBCED00F6CD27 /* checkBoxOff.png in Resources */ = {isa = PBXBuildFile; fileRef = 573A48101F2FBCED00F6CD27 /* checkBoxOff.png */; };
		573A48141F2FBCED00F6CD27 /* CheckBox.swift in Sources */ = {isa = PBXBuildFile; fileRef = 573A48111F2FBCED00F6CD27 /* CheckBox.swift */; };
		5750288D1F301C83002F98D2 /* GoogleMaps.bundle in Resources */ = {isa = PBXBuildFile; fileRef = 5750288C1F301C83002F98D2 /* GoogleMaps.bundle */; };
		57555AAF1F2C67570006290D /* ChatViewController.swift in Sources */ = {isa = PBXBuildFile; fileRef = 57555AAE1F2C67570006290D /* ChatViewController.swift */; };
		57555ABA1F2C68920006290D /* Extensions.swift in Sources */ = {isa = PBXBuildFile; fileRef = 57555AB81F2C68920006290D /* Extensions.swift */; };
		57555ABB1F2C68920006290D /* WidgetModule.swift in Sources */ = {isa = PBXBuildFile; fileRef = 57555AB91F2C68920006290D /* WidgetModule.swift */; };
		57555ABF1F2C6CC70006290D /* TextView.swift in Sources */ = {isa = PBXBuildFile; fileRef = 57555ABE1F2C6CC70006290D /* TextView.swift */; };
		577CD31C1EA1F34A006C770C /* ToMessageTableViewCell.swift in Sources */ = {isa = PBXBuildFile; fileRef = 577CD31B1EA1F34A006C770C /* ToMessageTableViewCell.swift */; };
		57872E8E1E331D54009E5F4C /* DataProcessor.swift in Sources */ = {isa = PBXBuildFile; fileRef = 57872E8D1E331D54009E5F4C /* DataProcessor.swift */; };
		57A5103A1F30216400BC5FC5 /* GooglePlacePicker.framework in Frameworks */ = {isa = PBXBuildFile; fileRef = 57A510381F30216400BC5FC5 /* GooglePlacePicker.framework */; };
		57A5103B1F30216400BC5FC5 /* GooglePlaces.framework in Frameworks */ = {isa = PBXBuildFile; fileRef = 57A510391F30216400BC5FC5 /* GooglePlaces.framework */; };
		57ADC1321E14E935003645BB /* ContactsTableViewCell.swift in Sources */ = {isa = PBXBuildFile; fileRef = 57ADC1311E14E935003645BB /* ContactsTableViewCell.swift */; };
		57ADC1361E16065A003645BB /* SharingManager.swift in Sources */ = {isa = PBXBuildFile; fileRef = 57ADC1351E16065A003645BB /* SharingManager.swift */; };
		57DABE001F2FCF9B00A29716 /* Map2ViewController.swift in Sources */ = {isa = PBXBuildFile; fileRef = 57DABDFF1F2FCF9B00A29716 /* Map2ViewController.swift */; };
		57DABE101F2FD5B000A29716 /* GoogleMapsBase.framework in Frameworks */ = {isa = PBXBuildFile; fileRef = 57DABE0D1F2FD5B000A29716 /* GoogleMapsBase.framework */; };
		57DABE111F2FD5B000A29716 /* GoogleMaps.framework in Frameworks */ = {isa = PBXBuildFile; fileRef = 57DABE0E1F2FD5B000A29716 /* GoogleMaps.framework */; };
		57DABE121F2FD5B000A29716 /* GoogleMapsCore.framework in Frameworks */ = {isa = PBXBuildFile; fileRef = 57DABE0F1F2FD5B000A29716 /* GoogleMapsCore.framework */; };
		57DABE151F2FD5F200A29716 /* Accelerate.framework in Frameworks */ = {isa = PBXBuildFile; fileRef = 57DABE141F2FD5F200A29716 /* Accelerate.framework */; };
		57DABE171F2FD5FE00A29716 /* CoreData.framework in Frameworks */ = {isa = PBXBuildFile; fileRef = 57DABE161F2FD5FE00A29716 /* CoreData.framework */; };
		57DABE191F2FD60600A29716 /* CoreGraphics.framework in Frameworks */ = {isa = PBXBuildFile; fileRef = 57DABE181F2FD60600A29716 /* CoreGraphics.framework */; };
		57DABE1B1F2FD61000A29716 /* CoreLocation.framework in Frameworks */ = {isa = PBXBuildFile; fileRef = 57DABE1A1F2FD61000A29716 /* CoreLocation.framework */; };
		57DABE251F2FD67B00A29716 /* CoreText.framework in Frameworks */ = {isa = PBXBuildFile; fileRef = 57DABE1C1F2FD67B00A29716 /* CoreText.framework */; };
		57DABE261F2FD67B00A29716 /* GLKit.framework in Frameworks */ = {isa = PBXBuildFile; fileRef = 57DABE1D1F2FD67B00A29716 /* GLKit.framework */; };
		57DABE271F2FD67B00A29716 /* ImageIO.framework in Frameworks */ = {isa = PBXBuildFile; fileRef = 57DABE1E1F2FD67B00A29716 /* ImageIO.framework */; };
		57DABE281F2FD67B00A29716 /* libc++.tbd in Frameworks */ = {isa = PBXBuildFile; fileRef = 57DABE1F1F2FD67B00A29716 /* libc++.tbd */; };
		57DABE291F2FD67B00A29716 /* libz.tbd in Frameworks */ = {isa = PBXBuildFile; fileRef = 57DABE201F2FD67B00A29716 /* libz.tbd */; };
		57DABE2A1F2FD67B00A29716 /* OpenGLES.framework in Frameworks */ = {isa = PBXBuildFile; fileRef = 57DABE211F2FD67B00A29716 /* OpenGLES.framework */; };
		57DABE2B1F2FD67B00A29716 /* QuartzCore.framework in Frameworks */ = {isa = PBXBuildFile; fileRef = 57DABE221F2FD67B00A29716 /* QuartzCore.framework */; };
		57DABE2C1F2FD67B00A29716 /* SystemConfiguration.framework in Frameworks */ = {isa = PBXBuildFile; fileRef = 57DABE231F2FD67B00A29716 /* SystemConfiguration.framework */; };
		57DABE2D1F2FD67B00A29716 /* UIKit.framework in Frameworks */ = {isa = PBXBuildFile; fileRef = 57DABE241F2FD67B00A29716 /* UIKit.framework */; };
		57DE5B451EB257050055A67E /* FromMessageTableViewCell.swift in Sources */ = {isa = PBXBuildFile; fileRef = 57DE5B441EB257050055A67E /* FromMessageTableViewCell.swift */; };
/* End PBXBuildFile section */

/* Begin PBXContainerItemProxy section */
		573A47E11F2F08EB00F6CD27 /* PBXContainerItemProxy */ = {
			isa = PBXContainerItemProxy;
			containerPortal = 573A47D71F2F08EA00F6CD27 /* SQLite.xcodeproj */;
			proxyType = 2;
			remoteGlobalIDString = EE247AD31C3F04ED00AE3E12;
			remoteInfo = "SQLite iOS";
		};
		573A47E31F2F08EB00F6CD27 /* PBXContainerItemProxy */ = {
			isa = PBXContainerItemProxy;
			containerPortal = 573A47D71F2F08EA00F6CD27 /* SQLite.xcodeproj */;
			proxyType = 2;
			remoteGlobalIDString = EE247ADD1C3F04ED00AE3E12;
			remoteInfo = "SQLiteTests iOS";
		};
		573A47E51F2F08EB00F6CD27 /* PBXContainerItemProxy */ = {
			isa = PBXContainerItemProxy;
			containerPortal = 573A47D71F2F08EA00F6CD27 /* SQLite.xcodeproj */;
			proxyType = 2;
			remoteGlobalIDString = EE247B3C1C3F3ED000AE3E12;
			remoteInfo = "SQLite Mac";
		};
		573A47E71F2F08EB00F6CD27 /* PBXContainerItemProxy */ = {
			isa = PBXContainerItemProxy;
			containerPortal = 573A47D71F2F08EA00F6CD27 /* SQLite.xcodeproj */;
			proxyType = 2;
			remoteGlobalIDString = EE247B451C3F3ED000AE3E12;
			remoteInfo = "SQLiteTests Mac";
		};
		573A47E91F2F08EB00F6CD27 /* PBXContainerItemProxy */ = {
			isa = PBXContainerItemProxy;
			containerPortal = 573A47D71F2F08EA00F6CD27 /* SQLite.xcodeproj */;
			proxyType = 2;
			remoteGlobalIDString = 03A65E5A1C6BB0F50062603F;
			remoteInfo = "SQLite tvOS";
		};
		573A47EB1F2F08EB00F6CD27 /* PBXContainerItemProxy */ = {
			isa = PBXContainerItemProxy;
			containerPortal = 573A47D71F2F08EA00F6CD27 /* SQLite.xcodeproj */;
			proxyType = 2;
			remoteGlobalIDString = 03A65E631C6BB0F60062603F;
			remoteInfo = "SQLiteTests tvOS";
		};
		573A47ED1F2F08EB00F6CD27 /* PBXContainerItemProxy */ = {
			isa = PBXContainerItemProxy;
			containerPortal = 573A47D71F2F08EA00F6CD27 /* SQLite.xcodeproj */;
			proxyType = 2;
			remoteGlobalIDString = A121AC451CA35C79005A31D1;
			remoteInfo = "SQLite watchOS";
		};
		573A47F21F2F090500F6CD27 /* PBXContainerItemProxy */ = {
			isa = PBXContainerItemProxy;
			containerPortal = 573A47D71F2F08EA00F6CD27 /* SQLite.xcodeproj */;
			proxyType = 1;
			remoteGlobalIDString = EE247AD21C3F04ED00AE3E12;
			remoteInfo = "SQLite iOS";
		};
/* End PBXContainerItemProxy section */

/* Begin PBXCopyFilesBuildPhase section */
		57391A781EA9E11C00773FFF /* Embed Frameworks */ = {
			isa = PBXCopyFilesBuildPhase;
			buildActionMask = 2147483647;
			dstPath = "";
			dstSubfolderSpec = 10;
			files = (
				573A47F11F2F090500F6CD27 /* SQLite.framework in Embed Frameworks */,
			);
			name = "Embed Frameworks";
			runOnlyForDeploymentPostprocessing = 0;
		};
/* End PBXCopyFilesBuildPhase section */

/* Begin PBXFileReference section */
		570643551DEB88B9008A033A /* mesh.app */ = {isa = PBXFileReference; explicitFileType = wrapper.application; includeInIndex = 0; path = mesh.app; sourceTree = BUILT_PRODUCTS_DIR; };
		570643581DEB88B9008A033A /* AppDelegate.swift */ = {isa = PBXFileReference; lastKnownFileType = sourcecode.swift; path = AppDelegate.swift; sourceTree = "<group>"; };
		5706435D1DEB88B9008A033A /* Base */ = {isa = PBXFileReference; lastKnownFileType = file.storyboard; name = Base; path = Base.lproj/Main.storyboard; sourceTree = "<group>"; };
		570643621DEB88B9008A033A /* Base */ = {isa = PBXFileReference; lastKnownFileType = file.storyboard; name = Base; path = Base.lproj/LaunchScreen.storyboard; sourceTree = "<group>"; };
		570643641DEB88B9008A033A /* Info.plist */ = {isa = PBXFileReference; lastKnownFileType = text.plist.xml; path = Info.plist; sourceTree = "<group>"; };
		5706436C1DEB8993008A033A /* NetworkServiceManager.swift */ = {isa = PBXFileReference; fileEncoding = 4; lastKnownFileType = sourcecode.swift; path = NetworkServiceManager.swift; sourceTree = "<group>"; };
		57117BF91E45A3DE001018D7 /* MapViewController.swift */ = {isa = PBXFileReference; fileEncoding = 4; lastKnownFileType = sourcecode.swift; path = MapViewController.swift; sourceTree = "<group>"; };
		57117C031E45A655001018D7 /* CustomAnnotation.swift */ = {isa = PBXFileReference; fileEncoding = 4; lastKnownFileType = sourcecode.swift; path = CustomAnnotation.swift; sourceTree = "<group>"; };
		5711ED461E288D840053F00B /* Message.swift */ = {isa = PBXFileReference; fileEncoding = 4; lastKnownFileType = sourcecode.swift; path = Message.swift; sourceTree = "<group>"; };
		5711ED481E28960C0053F00B /* meshDB.swift */ = {isa = PBXFileReference; fileEncoding = 4; lastKnownFileType = sourcecode.swift; path = meshDB.swift; sourceTree = "<group>"; };
		571896B61E52E16600FE2934 /* plus_button.png */ = {isa = PBXFileReference; lastKnownFileType = image.png; path = plus_button.png; sourceTree = "<group>"; };
		571896B81E52E44700FE2934 /* Tag.swift */ = {isa = PBXFileReference; fileEncoding = 4; lastKnownFileType = sourcecode.swift; path = Tag.swift; sourceTree = "<group>"; };
		5739328D1E5A4AC000C4CF2A /* CustomCalloutView.swift */ = {isa = PBXFileReference; fileEncoding = 4; lastKnownFileType = sourcecode.swift; path = CustomCalloutView.swift; sourceTree = "<group>"; };
		573A479C1F2F018A00F6CD27 /* Assets 3.38.11 AM.xcassets */ = {isa = PBXFileReference; lastKnownFileType = folder.assetcatalog; path = "Assets 3.38.11 AM.xcassets"; sourceTree = "<group>"; };
		573A47D71F2F08EA00F6CD27 /* SQLite.xcodeproj */ = {isa = PBXFileReference; lastKnownFileType = "wrapper.pb-project"; name = SQLite.xcodeproj; path = "SQLite.swift-master/SQLite.xcodeproj"; sourceTree = "<group>"; };
		573A47F41F2F0B0B00F6CD27 /* arrowIcon.png */ = {isa = PBXFileReference; lastKnownFileType = image.png; path = arrowIcon.png; sourceTree = "<group>"; };
		573A47F51F2F0B0B00F6CD27 /* cancelIcon.png */ = {isa = PBXFileReference; lastKnownFileType = image.png; path = cancelIcon.png; sourceTree = "<group>"; };
		573A47F61F2F0B0B00F6CD27 /* paperclip.png */ = {isa = PBXFileReference; lastKnownFileType = image.png; path = paperclip.png; sourceTree = "<group>"; };
		573A47F71F2F0B0B00F6CD27 /* sendArrow.png */ = {isa = PBXFileReference; lastKnownFileType = image.png; path = sendArrow.png; sourceTree = "<group>"; };
		573A47F81F2F0B0B00F6CD27 /* backButton.png */ = {isa = PBXFileReference; lastKnownFileType = image.png; path = backButton.png; sourceTree = "<group>"; };
		573A47FE1F2F160300F6CD27 /* MainViewController.swift */ = {isa = PBXFileReference; fileEncoding = 4; lastKnownFileType = sourcecode.swift; path = MainViewController.swift; sourceTree = "<group>"; };
		573A48001F2F17E600F6CD27 /* TabBarViewController.swift */ = {isa = PBXFileReference; fileEncoding = 4; lastKnownFileType = sourcecode.swift; path = TabBarViewController.swift; sourceTree = "<group>"; };
		573A48091F2FB79D00F6CD27 /* ConstraintHandler.swift */ = {isa = PBXFileReference; fileEncoding = 4; lastKnownFileType = sourcecode.swift; path = ConstraintHandler.swift; sourceTree = "<group>"; };
		573A480B1F2FBBD200F6CD27 /* GroupsTableViewCell.swift */ = {isa = PBXFileReference; fileEncoding = 4; lastKnownFileType = sourcecode.swift; path = GroupsTableViewCell.swift; sourceTree = "<group>"; };
		573A480C1F2FBBD200F6CD27 /* UserIcon.swift */ = {isa = PBXFileReference; fileEncoding = 4; lastKnownFileType = sourcecode.swift; path = UserIcon.swift; sourceTree = "<group>"; };
		573A480F1F2FBCED00F6CD27 /* checkBoxOn.png */ = {isa = PBXFileReference; lastKnownFileType = image.png; path = checkBoxOn.png; sourceTree = "<group>"; };
		573A48101F2FBCED00F6CD27 /* checkBoxOff.png */ = {isa = PBXFileReference; lastKnownFileType = image.png; path = checkBoxOff.png; sourceTree = "<group>"; };
		573A48111F2FBCED00F6CD27 /* CheckBox.swift */ = {isa = PBXFileReference; fileEncoding = 4; lastKnownFileType = sourcecode.swift; path = CheckBox.swift; sourceTree = "<group>"; };
		5750288C1F301C83002F98D2 /* GoogleMaps.bundle */ = {isa = PBXFileReference; lastKnownFileType = "wrapper.plug-in"; name = GoogleMaps.bundle; path = GoogleMaps.framework/Versions/A/Resources/GoogleMaps.bundle; sourceTree = "<group>"; };
		57555AAE1F2C67570006290D /* ChatViewController.swift */ = {isa = PBXFileReference; fileEncoding = 4; lastKnownFileType = sourcecode.swift; path = ChatViewController.swift; sourceTree = "<group>"; };
		57555AB81F2C68920006290D /* Extensions.swift */ = {isa = PBXFileReference; fileEncoding = 4; lastKnownFileType = sourcecode.swift; path = Extensions.swift; sourceTree = "<group>"; };
		57555AB91F2C68920006290D /* WidgetModule.swift */ = {isa = PBXFileReference; fileEncoding = 4; lastKnownFileType = sourcecode.swift; path = WidgetModule.swift; sourceTree = "<group>"; };
		57555ABE1F2C6CC70006290D /* TextView.swift */ = {isa = PBXFileReference; fileEncoding = 4; lastKnownFileType = sourcecode.swift; path = TextView.swift; sourceTree = "<group>"; };
		57726EA01E616AFF0028CE3D /* libsqlite3.dylib */ = {isa = PBXFileReference; lastKnownFileType = "compiled.mach-o.dylib"; name = libsqlite3.dylib; path = ../../../../../usr/lib/libsqlite3.dylib; sourceTree = "<group>"; };
		577CD31B1EA1F34A006C770C /* ToMessageTableViewCell.swift */ = {isa = PBXFileReference; fileEncoding = 4; lastKnownFileType = sourcecode.swift; path = ToMessageTableViewCell.swift; sourceTree = "<group>"; };
		5785F5C81E98BA640094B5F7 /* MapKit.framework */ = {isa = PBXFileReference; lastKnownFileType = wrapper.framework; name = MapKit.framework; path = System/Library/Frameworks/MapKit.framework; sourceTree = SDKROOT; };
		57872E8D1E331D54009E5F4C /* DataProcessor.swift */ = {isa = PBXFileReference; fileEncoding = 4; lastKnownFileType = sourcecode.swift; path = DataProcessor.swift; sourceTree = "<group>"; };
		57A510381F30216400BC5FC5 /* GooglePlacePicker.framework */ = {isa = PBXFileReference; lastKnownFileType = wrapper.framework; path = GooglePlacePicker.framework; sourceTree = "<group>"; };
		57A510391F30216400BC5FC5 /* GooglePlaces.framework */ = {isa = PBXFileReference; lastKnownFileType = wrapper.framework; path = GooglePlaces.framework; sourceTree = "<group>"; };
		57ADC1311E14E935003645BB /* ContactsTableViewCell.swift */ = {isa = PBXFileReference; fileEncoding = 4; lastKnownFileType = sourcecode.swift; path = ContactsTableViewCell.swift; sourceTree = "<group>"; };
		57ADC1351E16065A003645BB /* SharingManager.swift */ = {isa = PBXFileReference; fileEncoding = 4; lastKnownFileType = sourcecode.swift; path = SharingManager.swift; sourceTree = "<group>"; };
		57DABDFF1F2FCF9B00A29716 /* Map2ViewController.swift */ = {isa = PBXFileReference; fileEncoding = 4; lastKnownFileType = sourcecode.swift; path = Map2ViewController.swift; sourceTree = "<group>"; };
		57DABE0D1F2FD5B000A29716 /* GoogleMapsBase.framework */ = {isa = PBXFileReference; lastKnownFileType = wrapper.framework; path = GoogleMapsBase.framework; sourceTree = "<group>"; };
		57DABE0E1F2FD5B000A29716 /* GoogleMaps.framework */ = {isa = PBXFileReference; lastKnownFileType = wrapper.framework; path = GoogleMaps.framework; sourceTree = "<group>"; };
		57DABE0F1F2FD5B000A29716 /* GoogleMapsCore.framework */ = {isa = PBXFileReference; lastKnownFileType = wrapper.framework; path = GoogleMapsCore.framework; sourceTree = "<group>"; };
		57DABE141F2FD5F200A29716 /* Accelerate.framework */ = {isa = PBXFileReference; lastKnownFileType = wrapper.framework; name = Accelerate.framework; path = System/Library/Frameworks/Accelerate.framework; sourceTree = SDKROOT; };
		57DABE161F2FD5FE00A29716 /* CoreData.framework */ = {isa = PBXFileReference; lastKnownFileType = wrapper.framework; name = CoreData.framework; path = System/Library/Frameworks/CoreData.framework; sourceTree = SDKROOT; };
		57DABE181F2FD60600A29716 /* CoreGraphics.framework */ = {isa = PBXFileReference; lastKnownFileType = wrapper.framework; name = CoreGraphics.framework; path = System/Library/Frameworks/CoreGraphics.framework; sourceTree = SDKROOT; };
		57DABE1A1F2FD61000A29716 /* CoreLocation.framework */ = {isa = PBXFileReference; lastKnownFileType = wrapper.framework; name = CoreLocation.framework; path = System/Library/Frameworks/CoreLocation.framework; sourceTree = SDKROOT; };
		57DABE1C1F2FD67B00A29716 /* CoreText.framework */ = {isa = PBXFileReference; lastKnownFileType = wrapper.framework; name = CoreText.framework; path = System/Library/Frameworks/CoreText.framework; sourceTree = SDKROOT; };
		57DABE1D1F2FD67B00A29716 /* GLKit.framework */ = {isa = PBXFileReference; lastKnownFileType = wrapper.framework; name = GLKit.framework; path = System/Library/Frameworks/GLKit.framework; sourceTree = SDKROOT; };
		57DABE1E1F2FD67B00A29716 /* ImageIO.framework */ = {isa = PBXFileReference; lastKnownFileType = wrapper.framework; name = ImageIO.framework; path = System/Library/Frameworks/ImageIO.framework; sourceTree = SDKROOT; };
		57DABE1F1F2FD67B00A29716 /* libc++.tbd */ = {isa = PBXFileReference; lastKnownFileType = "sourcecode.text-based-dylib-definition"; name = "libc++.tbd"; path = "usr/lib/libc++.tbd"; sourceTree = SDKROOT; };
		57DABE201F2FD67B00A29716 /* libz.tbd */ = {isa = PBXFileReference; lastKnownFileType = "sourcecode.text-based-dylib-definition"; name = libz.tbd; path = usr/lib/libz.tbd; sourceTree = SDKROOT; };
		57DABE211F2FD67B00A29716 /* OpenGLES.framework */ = {isa = PBXFileReference; lastKnownFileType = wrapper.framework; name = OpenGLES.framework; path = System/Library/Frameworks/OpenGLES.framework; sourceTree = SDKROOT; };
		57DABE221F2FD67B00A29716 /* QuartzCore.framework */ = {isa = PBXFileReference; lastKnownFileType = wrapper.framework; name = QuartzCore.framework; path = System/Library/Frameworks/QuartzCore.framework; sourceTree = SDKROOT; };
		57DABE231F2FD67B00A29716 /* SystemConfiguration.framework */ = {isa = PBXFileReference; lastKnownFileType = wrapper.framework; name = SystemConfiguration.framework; path = System/Library/Frameworks/SystemConfiguration.framework; sourceTree = SDKROOT; };
		57DABE241F2FD67B00A29716 /* UIKit.framework */ = {isa = PBXFileReference; lastKnownFileType = wrapper.framework; name = UIKit.framework; path = System/Library/Frameworks/UIKit.framework; sourceTree = SDKROOT; };
		57DE5B441EB257050055A67E /* FromMessageTableViewCell.swift */ = {isa = PBXFileReference; fileEncoding = 4; lastKnownFileType = sourcecode.swift; path = FromMessageTableViewCell.swift; sourceTree = "<group>"; };
		57FF8E391E27D59A00A307B4 /* libsqlite3.tbd */ = {isa = PBXFileReference; lastKnownFileType = "sourcecode.text-based-dylib-definition"; name = libsqlite3.tbd; path = usr/lib/libsqlite3.tbd; sourceTree = SDKROOT; };
/* End PBXFileReference section */

/* Begin PBXFrameworksBuildPhase section */
		570643521DEB88B9008A033A /* Frameworks */ = {
			isa = PBXFrameworksBuildPhase;
			buildActionMask = 2147483647;
			files = (
				57A5103A1F30216400BC5FC5 /* GooglePlacePicker.framework in Frameworks */,
				57A5103B1F30216400BC5FC5 /* GooglePlaces.framework in Frameworks */,
				57DABE251F2FD67B00A29716 /* CoreText.framework in Frameworks */,
				57DABE261F2FD67B00A29716 /* GLKit.framework in Frameworks */,
				57DABE271F2FD67B00A29716 /* ImageIO.framework in Frameworks */,
				57DABE281F2FD67B00A29716 /* libc++.tbd in Frameworks */,
				57DABE291F2FD67B00A29716 /* libz.tbd in Frameworks */,
				57DABE2A1F2FD67B00A29716 /* OpenGLES.framework in Frameworks */,
				57DABE2B1F2FD67B00A29716 /* QuartzCore.framework in Frameworks */,
				57DABE2C1F2FD67B00A29716 /* SystemConfiguration.framework in Frameworks */,
				57DABE2D1F2FD67B00A29716 /* UIKit.framework in Frameworks */,
				57DABE1B1F2FD61000A29716 /* CoreLocation.framework in Frameworks */,
				57DABE191F2FD60600A29716 /* CoreGraphics.framework in Frameworks */,
				57DABE171F2FD5FE00A29716 /* CoreData.framework in Frameworks */,
				57DABE151F2FD5F200A29716 /* Accelerate.framework in Frameworks */,
				573A47EF1F2F08FC00F6CD27 /* SQLite.framework in Frameworks */,
				57DABE101F2FD5B000A29716 /* GoogleMapsBase.framework in Frameworks */,
				57391A3B1EA9B1B200773FFF /* libsqlite3.dylib in Frameworks */,
				57DABE111F2FD5B000A29716 /* GoogleMaps.framework in Frameworks */,
				57DABE121F2FD5B000A29716 /* GoogleMapsCore.framework in Frameworks */,
				573A47F01F2F090500F6CD27 /* SQLite.framework in Frameworks */,
			);
			runOnlyForDeploymentPostprocessing = 0;
		};
/* End PBXFrameworksBuildPhase section */

/* Begin PBXGroup section */
		5706434C1DEB88B9008A033A = {
			isa = PBXGroup;
			children = (
				570643571DEB88B9008A033A /* mesh */,
				570643561DEB88B9008A033A /* Products */,
				57FF8E381E27D59A00A307B4 /* Frameworks */,
			);
			sourceTree = "<group>";
		};
		570643561DEB88B9008A033A /* Products */ = {
			isa = PBXGroup;
			children = (
				570643551DEB88B9008A033A /* mesh.app */,
			);
			name = Products;
			sourceTree = "<group>";
		};
		570643571DEB88B9008A033A /* mesh */ = {
			isa = PBXGroup;
			children = (
				571896C41E53E97C00FE2934 /* Backend */,
				571896C31E53E95C00FE2934 /* TableCells */,
				571896C21E53E92D00FE2934 /* Views */,
				571896AF1E52E15200FE2934 /* Icons */,
				5706435C1DEB88B9008A033A /* Main.storyboard */,
				570643611DEB88B9008A033A /* LaunchScreen.storyboard */,
			);
			path = mesh;
			sourceTree = "<group>";
		};
		571896AF1E52E15200FE2934 /* Icons */ = {
			isa = PBXGroup;
			children = (
				573A479C1F2F018A00F6CD27 /* Assets 3.38.11 AM.xcassets */,
				573A480F1F2FBCED00F6CD27 /* checkBoxOn.png */,
				573A48101F2FBCED00F6CD27 /* checkBoxOff.png */,
				573A47F41F2F0B0B00F6CD27 /* arrowIcon.png */,
				573A47F51F2F0B0B00F6CD27 /* cancelIcon.png */,
				573A47F61F2F0B0B00F6CD27 /* paperclip.png */,
				573A47F71F2F0B0B00F6CD27 /* sendArrow.png */,
				573A47F81F2F0B0B00F6CD27 /* backButton.png */,
				571896B61E52E16600FE2934 /* plus_button.png */,
			);
			name = Icons;
			sourceTree = "<group>";
		};
		571896BB1E53E8F700FE2934 /* Objects */ = {
			isa = PBXGroup;
			children = (
				571896B81E52E44700FE2934 /* Tag.swift */,
				5711ED461E288D840053F00B /* Message.swift */,
			);
			name = Objects;
			sourceTree = "<group>";
		};
		571896C21E53E92D00FE2934 /* Views */ = {
			isa = PBXGroup;
			children = (
				57A5103C1F305F7500BC5FC5 /* OldViewController */,
				573A47A01F2F01E400F6CD27 /* MainScreen */,
				573A479F1F2F01D500F6CD27 /* ChatViewController */,
				573A479E1F2F01C400F6CD27 /* MapViewController */,
			);
			name = Views;
			sourceTree = "<group>";
		};
		571896C31E53E95C00FE2934 /* TableCells */ = {
			isa = PBXGroup;
			children = (
				573A480B1F2FBBD200F6CD27 /* GroupsTableViewCell.swift */,
				57ADC1311E14E935003645BB /* ContactsTableViewCell.swift */,
				577CD31B1EA1F34A006C770C /* ToMessageTableViewCell.swift */,
				57DE5B441EB257050055A67E /* FromMessageTableViewCell.swift */,
			);
			name = TableCells;
			sourceTree = "<group>";
		};
		571896C41E53E97C00FE2934 /* Backend */ = {
			isa = PBXGroup;
			children = (
				573A47651F2EFB9900F6CD27 /* General */,
				571896BB1E53E8F700FE2934 /* Objects */,
				573A477E1F2EFCD100F6CD27 /* Database */,
				57555AC11F2C6CE50006290D /* Other */,
				57555AC01F2C6CD20006290D /* UI */,
			);
			name = Backend;
			sourceTree = "<group>";
		};
		573A47651F2EFB9900F6CD27 /* General */ = {
			isa = PBXGroup;
			children = (
				570643581DEB88B9008A033A /* AppDelegate.swift */,
				570643641DEB88B9008A033A /* Info.plist */,
			);
			name = General;
			sourceTree = "<group>";
		};
		573A477E1F2EFCD100F6CD27 /* Database */ = {
			isa = PBXGroup;
			children = (
				573A47D71F2F08EA00F6CD27 /* SQLite.xcodeproj */,
				5711ED481E28960C0053F00B /* meshDB.swift */,
			);
			name = Database;
			sourceTree = "<group>";
		};
		573A479E1F2F01C400F6CD27 /* MapViewController */ = {
			isa = PBXGroup;
			children = (
				57DABE131F2FD5BD00A29716 /* Frameworks */,
				57DABDFF1F2FCF9B00A29716 /* Map2ViewController.swift */,
				57117C031E45A655001018D7 /* CustomAnnotation.swift */,
				5739328D1E5A4AC000C4CF2A /* CustomCalloutView.swift */,
			);
			name = MapViewController;
			sourceTree = "<group>";
		};
		573A479F1F2F01D500F6CD27 /* ChatViewController */ = {
			isa = PBXGroup;
			children = (
				57555AAE1F2C67570006290D /* ChatViewController.swift */,
			);
			name = ChatViewController;
			sourceTree = "<group>";
		};
		573A47A01F2F01E400F6CD27 /* MainScreen */ = {
			isa = PBXGroup;
			children = (
				573A48001F2F17E600F6CD27 /* TabBarViewController.swift */,
				573A47FE1F2F160300F6CD27 /* MainViewController.swift */,
			);
			name = MainScreen;
			sourceTree = "<group>";
		};
		573A47D81F2F08EA00F6CD27 /* Products */ = {
			isa = PBXGroup;
			children = (
				573A47E21F2F08EB00F6CD27 /* SQLite.framework */,
				573A47E41F2F08EB00F6CD27 /* SQLiteTests iOS.xctest */,
				573A47E61F2F08EB00F6CD27 /* SQLite.framework */,
				573A47E81F2F08EB00F6CD27 /* SQLiteTests Mac.xctest */,
				573A47EA1F2F08EB00F6CD27 /* SQLite.framework */,
				573A47EC1F2F08EB00F6CD27 /* SQLiteTests tvOS.xctest */,
				573A47EE1F2F08EB00F6CD27 /* SQLite.framework */,
			);
			name = Products;
			sourceTree = "<group>";
		};
		57555AC01F2C6CD20006290D /* UI */ = {
			isa = PBXGroup;
			children = (
				57555AB91F2C68920006290D /* WidgetModule.swift */,
				573A48091F2FB79D00F6CD27 /* ConstraintHandler.swift */,
				57555AB81F2C68920006290D /* Extensions.swift */,
				573A48111F2FBCED00F6CD27 /* CheckBox.swift */,
				573A480C1F2FBBD200F6CD27 /* UserIcon.swift */,
				57555ABE1F2C6CC70006290D /* TextView.swift */,
			);
			name = UI;
			sourceTree = "<group>";
		};
		57555AC11F2C6CE50006290D /* Other */ = {
			isa = PBXGroup;
			children = (
				5706436C1DEB8993008A033A /* NetworkServiceManager.swift */,
				57ADC1351E16065A003645BB /* SharingManager.swift */,
				57872E8D1E331D54009E5F4C /* DataProcessor.swift */,
			);
			name = Other;
			sourceTree = "<group>";
		};
		57A5103C1F305F7500BC5FC5 /* OldViewController */ = {
			isa = PBXGroup;
			children = (
				57117BF91E45A3DE001018D7 /* MapViewController.swift */,
			);
			name = OldViewController;
			sourceTree = "<group>";
		};
		57DABE131F2FD5BD00A29716 /* Frameworks */ = {
			isa = PBXGroup;
			children = (
				57A510381F30216400BC5FC5 /* GooglePlacePicker.framework */,
				57A510391F30216400BC5FC5 /* GooglePlaces.framework */,
				5750288C1F301C83002F98D2 /* GoogleMaps.bundle */,
				57DABE0D1F2FD5B000A29716 /* GoogleMapsBase.framework */,
				57DABE0E1F2FD5B000A29716 /* GoogleMaps.framework */,
				57DABE0F1F2FD5B000A29716 /* GoogleMapsCore.framework */,
			);
			name = Frameworks;
			sourceTree = "<group>";
		};
		57FF8E381E27D59A00A307B4 /* Frameworks */ = {
			isa = PBXGroup;
			children = (
				57DABE1C1F2FD67B00A29716 /* CoreText.framework */,
				57DABE1D1F2FD67B00A29716 /* GLKit.framework */,
				57DABE1E1F2FD67B00A29716 /* ImageIO.framework */,
				57DABE1F1F2FD67B00A29716 /* libc++.tbd */,
				57DABE201F2FD67B00A29716 /* libz.tbd */,
				57DABE211F2FD67B00A29716 /* OpenGLES.framework */,
				57DABE221F2FD67B00A29716 /* QuartzCore.framework */,
				57DABE231F2FD67B00A29716 /* SystemConfiguration.framework */,
				57DABE241F2FD67B00A29716 /* UIKit.framework */,
				57DABE1A1F2FD61000A29716 /* CoreLocation.framework */,
				57DABE181F2FD60600A29716 /* CoreGraphics.framework */,
				57DABE161F2FD5FE00A29716 /* CoreData.framework */,
				57DABE141F2FD5F200A29716 /* Accelerate.framework */,
				5785F5C81E98BA640094B5F7 /* MapKit.framework */,
				57726EA01E616AFF0028CE3D /* libsqlite3.dylib */,
				57FF8E391E27D59A00A307B4 /* libsqlite3.tbd */,
			);
			name = Frameworks;
			sourceTree = "<group>";
		};
/* End PBXGroup section */

/* Begin PBXNativeTarget section */
		570643541DEB88B9008A033A /* mesh */ = {
			isa = PBXNativeTarget;
			buildConfigurationList = 570643671DEB88B9008A033A /* Build configuration list for PBXNativeTarget "mesh" */;
			buildPhases = (
				570643511DEB88B9008A033A /* Sources */,
				570643521DEB88B9008A033A /* Frameworks */,
				570643531DEB88B9008A033A /* Resources */,
				57391A781EA9E11C00773FFF /* Embed Frameworks */,
			);
			buildRules = (
			);
			dependencies = (
				573A47F31F2F090500F6CD27 /* PBXTargetDependency */,
			);
			name = mesh;
			productName = mesh;
			productReference = 570643551DEB88B9008A033A /* mesh.app */;
			productType = "com.apple.product-type.application";
		};
/* End PBXNativeTarget section */

/* Begin PBXProject section */
		5706434D1DEB88B9008A033A /* Project object */ = {
			isa = PBXProject;
			attributes = {
				LastSwiftUpdateCheck = 0730;
				LastUpgradeCheck = 0810;
				ORGANIZATIONNAME = "Victor Chien";
				TargetAttributes = {
					570643541DEB88B9008A033A = {
						CreatedOnToolsVersion = 7.3;
						DevelopmentTeam = H2W9Q6VLXE;
						LastSwiftMigration = 0810;
						ProvisioningStyle = Automatic;
						SystemCapabilities = {
							com.apple.BackgroundModes = {
								enabled = 0;
							};
							com.apple.Maps.iOS = {
								enabled = 0;
							};
						};
					};
				};
			};
			buildConfigurationList = 570643501DEB88B9008A033A /* Build configuration list for PBXProject "mesh" */;
			compatibilityVersion = "Xcode 3.2";
			developmentRegion = English;
			hasScannedForEncodings = 0;
			knownRegions = (
				en,
				Base,
			);
			mainGroup = 5706434C1DEB88B9008A033A;
			productRefGroup = 570643561DEB88B9008A033A /* Products */;
			projectDirPath = "";
			projectReferences = (
				{
					ProductGroup = 573A47D81F2F08EA00F6CD27 /* Products */;
					ProjectRef = 573A47D71F2F08EA00F6CD27 /* SQLite.xcodeproj */;
				},
			);
			projectRoot = "";
			targets = (
				570643541DEB88B9008A033A /* mesh */,
			);
		};
/* End PBXProject section */

/* Begin PBXReferenceProxy section */
		573A47E21F2F08EB00F6CD27 /* SQLite.framework */ = {
			isa = PBXReferenceProxy;
			fileType = wrapper.framework;
			path = SQLite.framework;
			remoteRef = 573A47E11F2F08EB00F6CD27 /* PBXContainerItemProxy */;
			sourceTree = BUILT_PRODUCTS_DIR;
		};
		573A47E41F2F08EB00F6CD27 /* SQLiteTests iOS.xctest */ = {
			isa = PBXReferenceProxy;
			fileType = wrapper.cfbundle;
			path = "SQLiteTests iOS.xctest";
			remoteRef = 573A47E31F2F08EB00F6CD27 /* PBXContainerItemProxy */;
			sourceTree = BUILT_PRODUCTS_DIR;
		};
		573A47E61F2F08EB00F6CD27 /* SQLite.framework */ = {
			isa = PBXReferenceProxy;
			fileType = wrapper.framework;
			path = SQLite.framework;
			remoteRef = 573A47E51F2F08EB00F6CD27 /* PBXContainerItemProxy */;
			sourceTree = BUILT_PRODUCTS_DIR;
		};
		573A47E81F2F08EB00F6CD27 /* SQLiteTests Mac.xctest */ = {
			isa = PBXReferenceProxy;
			fileType = wrapper.cfbundle;
			path = "SQLiteTests Mac.xctest";
			remoteRef = 573A47E71F2F08EB00F6CD27 /* PBXContainerItemProxy */;
			sourceTree = BUILT_PRODUCTS_DIR;
		};
		573A47EA1F2F08EB00F6CD27 /* SQLite.framework */ = {
			isa = PBXReferenceProxy;
			fileType = wrapper.framework;
			path = SQLite.framework;
			remoteRef = 573A47E91F2F08EB00F6CD27 /* PBXContainerItemProxy */;
			sourceTree = BUILT_PRODUCTS_DIR;
		};
		573A47EC1F2F08EB00F6CD27 /* SQLiteTests tvOS.xctest */ = {
			isa = PBXReferenceProxy;
			fileType = wrapper.cfbundle;
			path = "SQLiteTests tvOS.xctest";
			remoteRef = 573A47EB1F2F08EB00F6CD27 /* PBXContainerItemProxy */;
			sourceTree = BUILT_PRODUCTS_DIR;
		};
		573A47EE1F2F08EB00F6CD27 /* SQLite.framework */ = {
			isa = PBXReferenceProxy;
			fileType = wrapper.framework;
			path = SQLite.framework;
			remoteRef = 573A47ED1F2F08EB00F6CD27 /* PBXContainerItemProxy */;
			sourceTree = BUILT_PRODUCTS_DIR;
		};
/* End PBXReferenceProxy section */

/* Begin PBXResourcesBuildPhase section */
		570643531DEB88B9008A033A /* Resources */ = {
			isa = PBXResourcesBuildPhase;
			buildActionMask = 2147483647;
			files = (
				5750288D1F301C83002F98D2 /* GoogleMaps.bundle in Resources */,
				573A47FB1F2F0B0B00F6CD27 /* paperclip.png in Resources */,
				573A47F91F2F0B0B00F6CD27 /* arrowIcon.png in Resources */,
				573A479D1F2F018A00F6CD27 /* Assets 3.38.11 AM.xcassets in Resources */,
				573A47FA1F2F0B0B00F6CD27 /* cancelIcon.png in Resources */,
				573A47FD1F2F0B0B00F6CD27 /* backButton.png in Resources */,
				570643631DEB88B9008A033A /* LaunchScreen.storyboard in Resources */,
				573A47FC1F2F0B0B00F6CD27 /* sendArrow.png in Resources */,
				573A48131F2FBCED00F6CD27 /* checkBoxOff.png in Resources */,
				571896B71E52E16600FE2934 /* plus_button.png in Resources */,
				5706435E1DEB88B9008A033A /* Main.storyboard in Resources */,
				573A48121F2FBCED00F6CD27 /* checkBoxOn.png in Resources */,
			);
			runOnlyForDeploymentPostprocessing = 0;
		};
/* End PBXResourcesBuildPhase section */

/* Begin PBXSourcesBuildPhase section */
		570643511DEB88B9008A033A /* Sources */ = {
			isa = PBXSourcesBuildPhase;
			buildActionMask = 2147483647;
			files = (
				57117BFA1E45A3DE001018D7 /* MapViewController.swift in Sources */,
				5739328E1E5A4AC000C4CF2A /* CustomCalloutView.swift in Sources */,
				57DE5B451EB257050055A67E /* FromMessageTableViewCell.swift in Sources */,
				573A480D1F2FBBD200F6CD27 /* GroupsTableViewCell.swift in Sources */,
				5711ED491E28960C0053F00B /* meshDB.swift in Sources */,
				57117C041E45A655001018D7 /* CustomAnnotation.swift in Sources */,
				57DABE001F2FCF9B00A29716 /* Map2ViewController.swift in Sources */,
				57ADC1361E16065A003645BB /* SharingManager.swift in Sources */,
				57555AAF1F2C67570006290D /* ChatViewController.swift in Sources */,
				573A480E1F2FBBD200F6CD27 /* UserIcon.swift in Sources */,
				573A48011F2F17E600F6CD27 /* TabBarViewController.swift in Sources */,
				577CD31C1EA1F34A006C770C /* ToMessageTableViewCell.swift in Sources */,
				57ADC1321E14E935003645BB /* ContactsTableViewCell.swift in Sources */,
				573A47FF1F2F160300F6CD27 /* MainViewController.swift in Sources */,
				570643591DEB88B9008A033A /* AppDelegate.swift in Sources */,
				57555ABA1F2C68920006290D /* Extensions.swift in Sources */,
				5711ED471E288D840053F00B /* Message.swift in Sources */,
				573A480A1F2FB79D00F6CD27 /* ConstraintHandler.swift in Sources */,
				571896B91E52E44700FE2934 /* Tag.swift in Sources */,
				57872E8E1E331D54009E5F4C /* DataProcessor.swift in Sources */,
				573A48141F2FBCED00F6CD27 /* CheckBox.swift in Sources */,
				57555ABF1F2C6CC70006290D /* TextView.swift in Sources */,
				57555ABB1F2C68920006290D /* WidgetModule.swift in Sources */,
				5706436D1DEB8993008A033A /* NetworkServiceManager.swift in Sources */,
			);
			runOnlyForDeploymentPostprocessing = 0;
		};
/* End PBXSourcesBuildPhase section */

/* Begin PBXTargetDependency section */
		573A47F31F2F090500F6CD27 /* PBXTargetDependency */ = {
			isa = PBXTargetDependency;
			name = "SQLite iOS";
			targetProxy = 573A47F21F2F090500F6CD27 /* PBXContainerItemProxy */;
		};
/* End PBXTargetDependency section */

/* Begin PBXVariantGroup section */
		5706435C1DEB88B9008A033A /* Main.storyboard */ = {
			isa = PBXVariantGroup;
			children = (
				5706435D1DEB88B9008A033A /* Base */,
			);
			name = Main.storyboard;
			sourceTree = "<group>";
		};
		570643611DEB88B9008A033A /* LaunchScreen.storyboard */ = {
			isa = PBXVariantGroup;
			children = (
				570643621DEB88B9008A033A /* Base */,
			);
			name = LaunchScreen.storyboard;
			sourceTree = "<group>";
		};
/* End PBXVariantGroup section */

/* Begin XCBuildConfiguration section */
		570643651DEB88B9008A033A /* Debug */ = {
			isa = XCBuildConfiguration;
			buildSettings = {
				ALWAYS_SEARCH_USER_PATHS = NO;
				CLANG_ANALYZER_NONNULL = YES;
				CLANG_CXX_LANGUAGE_STANDARD = "gnu++0x";
				CLANG_CXX_LIBRARY = "libc++";
				CLANG_ENABLE_MODULES = YES;
				CLANG_ENABLE_OBJC_ARC = YES;
				CLANG_WARN_BOOL_CONVERSION = YES;
				CLANG_WARN_CONSTANT_CONVERSION = YES;
				CLANG_WARN_DIRECT_OBJC_ISA_USAGE = YES_ERROR;
				CLANG_WARN_EMPTY_BODY = YES;
				CLANG_WARN_ENUM_CONVERSION = YES;
				CLANG_WARN_INFINITE_RECURSION = YES;
				CLANG_WARN_INT_CONVERSION = YES;
				CLANG_WARN_OBJC_ROOT_CLASS = YES_ERROR;
				CLANG_WARN_SUSPICIOUS_MOVE = YES;
				CLANG_WARN_UNREACHABLE_CODE = YES;
				CLANG_WARN__DUPLICATE_METHOD_MATCH = YES;
				"CODE_SIGN_IDENTITY[sdk=iphoneos*]" = "iPhone Developer";
				COPY_PHASE_STRIP = NO;
				DEBUG_INFORMATION_FORMAT = dwarf;
				ENABLE_STRICT_OBJC_MSGSEND = YES;
				ENABLE_TESTABILITY = YES;
				GCC_C_LANGUAGE_STANDARD = gnu99;
				GCC_DYNAMIC_NO_PIC = NO;
				GCC_NO_COMMON_BLOCKS = YES;
				GCC_OPTIMIZATION_LEVEL = 0;
				GCC_PREPROCESSOR_DEFINITIONS = (
					"DEBUG=1",
					"$(inherited)",
				);
				GCC_WARN_64_TO_32_BIT_CONVERSION = YES;
				GCC_WARN_ABOUT_RETURN_TYPE = YES_ERROR;
				GCC_WARN_UNDECLARED_SELECTOR = YES;
				GCC_WARN_UNINITIALIZED_AUTOS = YES_AGGRESSIVE;
				GCC_WARN_UNUSED_FUNCTION = YES;
				GCC_WARN_UNUSED_VARIABLE = YES;
				IPHONEOS_DEPLOYMENT_TARGET = 9.3;
				MTL_ENABLE_DEBUG_INFO = YES;
				ONLY_ACTIVE_ARCH = YES;
				SDKROOT = iphoneos;
				SWIFT_OPTIMIZATION_LEVEL = "-Onone";
				TARGETED_DEVICE_FAMILY = "1,2";
			};
			name = Debug;
		};
		570643661DEB88B9008A033A /* Release */ = {
			isa = XCBuildConfiguration;
			buildSettings = {
				ALWAYS_SEARCH_USER_PATHS = NO;
				CLANG_ANALYZER_NONNULL = YES;
				CLANG_CXX_LANGUAGE_STANDARD = "gnu++0x";
				CLANG_CXX_LIBRARY = "libc++";
				CLANG_ENABLE_MODULES = YES;
				CLANG_ENABLE_OBJC_ARC = YES;
				CLANG_WARN_BOOL_CONVERSION = YES;
				CLANG_WARN_CONSTANT_CONVERSION = YES;
				CLANG_WARN_DIRECT_OBJC_ISA_USAGE = YES_ERROR;
				CLANG_WARN_EMPTY_BODY = YES;
				CLANG_WARN_ENUM_CONVERSION = YES;
				CLANG_WARN_INFINITE_RECURSION = YES;
				CLANG_WARN_INT_CONVERSION = YES;
				CLANG_WARN_OBJC_ROOT_CLASS = YES_ERROR;
				CLANG_WARN_SUSPICIOUS_MOVE = YES;
				CLANG_WARN_UNREACHABLE_CODE = YES;
				CLANG_WARN__DUPLICATE_METHOD_MATCH = YES;
				"CODE_SIGN_IDENTITY[sdk=iphoneos*]" = "iPhone Developer";
				COPY_PHASE_STRIP = NO;
				DEBUG_INFORMATION_FORMAT = "dwarf-with-dsym";
				ENABLE_NS_ASSERTIONS = NO;
				ENABLE_STRICT_OBJC_MSGSEND = YES;
				GCC_C_LANGUAGE_STANDARD = gnu99;
				GCC_NO_COMMON_BLOCKS = YES;
				GCC_WARN_64_TO_32_BIT_CONVERSION = YES;
				GCC_WARN_ABOUT_RETURN_TYPE = YES_ERROR;
				GCC_WARN_UNDECLARED_SELECTOR = YES;
				GCC_WARN_UNINITIALIZED_AUTOS = YES_AGGRESSIVE;
				GCC_WARN_UNUSED_FUNCTION = YES;
				GCC_WARN_UNUSED_VARIABLE = YES;
				IPHONEOS_DEPLOYMENT_TARGET = 9.3;
				MTL_ENABLE_DEBUG_INFO = NO;
				SDKROOT = iphoneos;
				SWIFT_OPTIMIZATION_LEVEL = "-Owholemodule";
				TARGETED_DEVICE_FAMILY = "1,2";
				VALIDATE_PRODUCT = YES;
			};
			name = Release;
		};
		570643681DEB88B9008A033A /* Debug */ = {
			isa = XCBuildConfiguration;
			buildSettings = {
				ALWAYS_EMBED_SWIFT_STANDARD_LIBRARIES = YES;
				"CODE_SIGN_IDENTITY[sdk=iphoneos*]" = "iPhone Developer";
				DEVELOPMENT_TEAM = H2W9Q6VLXE;
				FRAMEWORK_SEARCH_PATHS = (
					"$(inherited)",
					"$(PROJECT_DIR)/mesh",
				);
				INFOPLIST_FILE = mesh/Info.plist;
				IPHONEOS_DEPLOYMENT_TARGET = 9.3;
				LD_RUNPATH_SEARCH_PATHS = "$(inherited) @executable_path/Frameworks";
				PRODUCT_BUNDLE_IDENTIFIER = vicoociv.mesh;
				PRODUCT_NAME = "$(TARGET_NAME)";
				SWIFT_VERSION = 3.0;
				TARGETED_DEVICE_FAMILY = "1,2";
			};
			name = Debug;
		};
		570643691DEB88B9008A033A /* Release */ = {
			isa = XCBuildConfiguration;
			buildSettings = {
				ALWAYS_EMBED_SWIFT_STANDARD_LIBRARIES = YES;
				"CODE_SIGN_IDENTITY[sdk=iphoneos*]" = "iPhone Developer";
				DEVELOPMENT_TEAM = H2W9Q6VLXE;
				FRAMEWORK_SEARCH_PATHS = (
					"$(inherited)",
					"$(PROJECT_DIR)/mesh",
				);
				INFOPLIST_FILE = mesh/Info.plist;
				IPHONEOS_DEPLOYMENT_TARGET = 9.3;
				LD_RUNPATH_SEARCH_PATHS = "$(inherited) @executable_path/Frameworks";
				"OTHER_LDFLAGS[arch=*]" = "-Objc";
				PRODUCT_BUNDLE_IDENTIFIER = vicoociv.mesh;
				PRODUCT_NAME = "$(TARGET_NAME)";
				SWIFT_VERSION = 3.0;
				TARGETED_DEVICE_FAMILY = "1,2";
			};
			name = Release;
		};
/* End XCBuildConfiguration section */

/* Begin XCConfigurationList section */
		570643501DEB88B9008A033A /* Build configuration list for PBXProject "mesh" */ = {
			isa = XCConfigurationList;
			buildConfigurations = (
				570643651DEB88B9008A033A /* Debug */,
				570643661DEB88B9008A033A /* Release */,
			);
			defaultConfigurationIsVisible = 0;
			defaultConfigurationName = Release;
		};
		570643671DEB88B9008A033A /* Build configuration list for PBXNativeTarget "mesh" */ = {
			isa = XCConfigurationList;
			buildConfigurations = (
				570643681DEB88B9008A033A /* Debug */,
				570643691DEB88B9008A033A /* Release */,
			);
			defaultConfigurationIsVisible = 0;
			defaultConfigurationName = Release;
		};
/* End XCConfigurationList section */
	};
	rootObject = 5706434D1DEB88B9008A033A /* Project object */;
}
